// !$*UTF8*$!
{
	archiveVersion = 1;
	classes = {
	};
	objectVersion = 56;
	objects = {

/* Begin PBXBuildFile section */
		A10000000000000000000001 /* CupaApp.swift in Sources */ = {isa = PBXBuildFile; fileRef = A20000000000000000000001 /* CupaApp.swift */; };
		A10000000000000000000002 /* Theme.swift in Sources */ = {isa = PBXBuildFile; fileRef = A20000000000000000000002 /* Theme.swift */; };
		A10000000000000000000003 /* AppShell.swift in Sources */ = {isa = PBXBuildFile; fileRef = A20000000000000000000003 /* AppShell.swift */; };
		A10000000000000000000004 /* FeatureViews.swift in Sources */ = {isa = PBXBuildFile; fileRef = A20000000000000000000004 /* FeatureViews.swift */; };
		A10000000000000000000006 /* CalculatorModel.swift in Sources */ = {isa = PBXBuildFile; fileRef = A20000000000000000000006 /* CalculatorModel.swift */; };
		A10000000000000000000007 /* PersistenceModels.swift in Sources */ = {isa = PBXBuildFile; fileRef = A20000000000000000000007 /* PersistenceModels.swift */; };
		A10000000000000000000008 /* LabModel.swift in Sources */ = {isa = PBXBuildFile; fileRef = A20000000000000000000008 /* LabModel.swift */; };
		A10000000000000000000009 /* InventoryViews.swift in Sources */ = {isa = PBXBuildFile; fileRef = A20000000000000000000009 /* InventoryViews.swift */; };
		A1000000000000000000000A /* RecipeTechniqueModels.swift in Sources */ = {isa = PBXBuildFile; fileRef = A2000000000000000000000A /* RecipeTechniqueModels.swift */; };
		A1000000000000000000000B /* RecipeTechniqueRepository.swift in Sources */ = {isa = PBXBuildFile; fileRef = A2000000000000000000000B /* RecipeTechniqueRepository.swift */; };
		A1000000000000000000000C /* RecipeTechniqueViews.swift in Sources */ = {isa = PBXBuildFile; fileRef = A2000000000000000000000C /* RecipeTechniqueViews.swift */; };
		A1000000000000000000000D /* PreparationModel.swift in Sources */ = {isa = PBXBuildFile; fileRef = A2000000000000000000000D /* PreparationModel.swift */; };
		A1000000000000000000000E /* PreparationViews.swift in Sources */ = {isa = PBXBuildFile; fileRef = A2000000000000000000000E /* PreparationViews.swift */; };
		A1000000000000000000000F /* TastingModels.swift in Sources */ = {isa = PBXBuildFile; fileRef = A2000000000000000000000F /* TastingModels.swift */; };
		A10000000000000000000010 /* TastingViews.swift in Sources */ = {isa = PBXBuildFile; fileRef = A20000000000000000000010 /* TastingViews.swift */; };
		A10000000000000000000011 /* AccountServices.swift in Sources */ = {isa = PBXBuildFile; fileRef = A20000000000000000000011 /* AccountServices.swift */; };
		A10000000000000000000012 /* AccountView.swift in Sources */ = {isa = PBXBuildFile; fileRef = A20000000000000000000012 /* AccountView.swift */; };
		A10000000000000000000013 /* SyncEngine.swift in Sources */ = {isa = PBXBuildFile; fileRef = A20000000000000000000013 /* SyncEngine.swift */; };
		A10000000000000000000014 /* SuggestionServices.swift in Sources */ = {isa = PBXBuildFile; fileRef = A20000000000000000000014 /* SuggestionServices.swift */; };
		A10000000000000000000015 /* Settings.swift in Sources */ = {isa = PBXBuildFile; fileRef = A20000000000000000000015 /* Settings.swift */; };
		A10000000000000000000016 /* ProfileModels.swift in Sources */ = {isa = PBXBuildFile; fileRef = A20000000000000000000016 /* ProfileModels.swift */; };
		A10000000000000000000017 /* HubView.swift in Sources */ = {isa = PBXBuildFile; fileRef = A20000000000000000000017 /* HubView.swift */; };
		A10000000000000000000018 /* SocialModels.swift in Sources */ = {isa = PBXBuildFile; fileRef = A20000000000000000000018 /* SocialModels.swift */; };
		A10000000000000000000019 /* EntitySyncCoordinator.swift in Sources */ = {isa = PBXBuildFile; fileRef = A20000000000000000000019 /* EntitySyncCoordinator.swift */; };
		A10000000000000000000020 /* Assets.xcassets in Resources */ = {isa = PBXBuildFile; fileRef = A20000000000000000000020 /* Assets.xcassets */; };
		A10000000000000000000021 /* PrivacyInfo.xcprivacy in Resources */ = {isa = PBXBuildFile; fileRef = A20000000000000000000021 /* PrivacyInfo.xcprivacy */; };
		B10000000000000000000001 /* ParityTests.swift in Sources */ = {isa = PBXBuildFile; fileRef = B20000000000000000000001 /* ParityTests.swift */; };
		B10000000000000000000002 /* XCTest.framework in Frameworks */ = {isa = PBXBuildFile; fileRef = B20000000000000000000003 /* XCTest.framework */; };
		D10000000000000000000001 /* CupaUITests.swift in Sources */ = {isa = PBXBuildFile; fileRef = D20000000000000000000001 /* CupaUITests.swift */; };
		D10000000000000000000002 /* XCTest.framework in Frameworks */ = {isa = PBXBuildFile; fileRef = B20000000000000000000003 /* XCTest.framework */; };
/* End PBXBuildFile section */

/* Begin PBXContainerItemProxy section */
		B30000000000000000000001 /* PBXContainerItemProxy */ = {
			isa = PBXContainerItemProxy;
			containerPortal = A80000000000000000000001 /* Project object */;
			proxyType = 1;
			remoteGlobalIDString = A50000000000000000000001;
			remoteInfo = Cupa;
		};
		D30000000000000000000001 /* PBXContainerItemProxy */ = {
			isa = PBXContainerItemProxy;
			containerPortal = A80000000000000000000001 /* Project object */;
			proxyType = 1;
			remoteGlobalIDString = A50000000000000000000001;
			remoteInfo = Cupa;
		};
/* End PBXContainerItemProxy section */

/* Begin PBXFileReference section */
		A20000000000000000000001 /* CupaApp.swift */ = {isa = PBXFileReference; lastKnownFileType = sourcecode.swift; path = CupaApp.swift; sourceTree = "<group>"; };
		A20000000000000000000002 /* Theme.swift */ = {isa = PBXFileReference; lastKnownFileType = sourcecode.swift; path = Theme.swift; sourceTree = "<group>"; };
		A20000000000000000000003 /* AppShell.swift */ = {isa = PBXFileReference; lastKnownFileType = sourcecode.swift; path = AppShell.swift; sourceTree = "<group>"; };
		A20000000000000000000004 /* FeatureViews.swift */ = {isa = PBXFileReference; lastKnownFileType = sourcecode.swift; path = FeatureViews.swift; sourceTree = "<group>"; };
		A20000000000000000000005 /* Cupa.app */ = {isa = PBXFileReference; explicitFileType = wrapper.application; includeInIndex = 0; path = Cupa.app; sourceTree = BUILT_PRODUCTS_DIR; };
		A20000000000000000000006 /* CalculatorModel.swift */ = {isa = PBXFileReference; lastKnownFileType = sourcecode.swift; path = CalculatorModel.swift; sourceTree = "<group>"; };
		A20000000000000000000007 /* PersistenceModels.swift */ = {isa = PBXFileReference; lastKnownFileType = sourcecode.swift; path = PersistenceModels.swift; sourceTree = "<group>"; };
		A20000000000000000000008 /* LabModel.swift */ = {isa = PBXFileReference; lastKnownFileType = sourcecode.swift; path = LabModel.swift; sourceTree = "<group>"; };
		A20000000000000000000009 /* InventoryViews.swift */ = {isa = PBXFileReference; lastKnownFileType = sourcecode.swift; path = InventoryViews.swift; sourceTree = "<group>"; };
		A2000000000000000000000A /* RecipeTechniqueModels.swift */ = {isa = PBXFileReference; lastKnownFileType = sourcecode.swift; path = RecipeTechniqueModels.swift; sourceTree = "<group>"; };
		A2000000000000000000000B /* RecipeTechniqueRepository.swift */ = {isa = PBXFileReference; lastKnownFileType = sourcecode.swift; path = RecipeTechniqueRepository.swift; sourceTree = "<group>"; };
		A2000000000000000000000C /* RecipeTechniqueViews.swift */ = {isa = PBXFileReference; lastKnownFileType = sourcecode.swift; path = RecipeTechniqueViews.swift; sourceTree = "<group>"; };
		A2000000000000000000000D /* PreparationModel.swift */ = {isa = PBXFileReference; lastKnownFileType = sourcecode.swift; path = PreparationModel.swift; sourceTree = "<group>"; };
		A2000000000000000000000E /* PreparationViews.swift */ = {isa = PBXFileReference; lastKnownFileType = sourcecode.swift; path = PreparationViews.swift; sourceTree = "<group>"; };
		A2000000000000000000000F /* TastingModels.swift */ = {isa = PBXFileReference; lastKnownFileType = sourcecode.swift; path = TastingModels.swift; sourceTree = "<group>"; };
		A20000000000000000000010 /* TastingViews.swift */ = {isa = PBXFileReference; lastKnownFileType = sourcecode.swift; path = TastingViews.swift; sourceTree = "<group>"; };
		A20000000000000000000011 /* AccountServices.swift */ = {isa = PBXFileReference; lastKnownFileType = sourcecode.swift; path = AccountServices.swift; sourceTree = "<group>"; };
		A20000000000000000000012 /* AccountView.swift */ = {isa = PBXFileReference; lastKnownFileType = sourcecode.swift; path = AccountView.swift; sourceTree = "<group>"; };
		A20000000000000000000013 /* SyncEngine.swift */ = {isa = PBXFileReference; lastKnownFileType = sourcecode.swift; path = SyncEngine.swift; sourceTree = "<group>"; };
		A20000000000000000000014 /* SuggestionServices.swift */ = {isa = PBXFileReference; lastKnownFileType = sourcecode.swift; path = SuggestionServices.swift; sourceTree = "<group>"; };
		A20000000000000000000015 /* Settings.swift */ = {isa = PBXFileReference; lastKnownFileType = sourcecode.swift; path = Settings.swift; sourceTree = "<group>"; };
		A20000000000000000000016 /* ProfileModels.swift */ = {isa = PBXFileReference; lastKnownFileType = sourcecode.swift; path = ProfileModels.swift; sourceTree = "<group>"; };
		A20000000000000000000017 /* HubView.swift */ = {isa = PBXFileReference; lastKnownFileType = sourcecode.swift; path = HubView.swift; sourceTree = "<group>"; };
		A20000000000000000000018 /* SocialModels.swift */ = {isa = PBXFileReference; lastKnownFileType = sourcecode.swift; path = SocialModels.swift; sourceTree = "<group>"; };
		A20000000000000000000019 /* EntitySyncCoordinator.swift */ = {isa = PBXFileReference; lastKnownFileType = sourcecode.swift; path = EntitySyncCoordinator.swift; sourceTree = "<group>"; };
		A20000000000000000000020 /* Assets.xcassets */ = {isa = PBXFileReference; lastKnownFileType = folder.assetcatalog; path = Assets.xcassets; sourceTree = "<group>"; };
		A20000000000000000000021 /* PrivacyInfo.xcprivacy */ = {isa = PBXFileReference; lastKnownFileType = text.xml; path = PrivacyInfo.xcprivacy; sourceTree = "<group>"; };
		B20000000000000000000001 /* ParityTests.swift */ = {isa = PBXFileReference; lastKnownFileType = sourcecode.swift; path = ParityTests.swift; sourceTree = "<group>"; };
		B20000000000000000000002 /* CupaTests.xctest */ = {isa = PBXFileReference; explicitFileType = wrapper.cfbundle; includeInIndex = 0; path = CupaTests.xctest; sourceTree = BUILT_PRODUCTS_DIR; };
		B20000000000000000000003 /* XCTest.framework */ = {isa = PBXFileReference; lastKnownFileType = wrapper.framework; name = XCTest.framework; path = System/Library/Frameworks/XCTest.framework; sourceTree = SDKROOT; };
		C20000000000000000000001 /* Base.xcconfig */ = {isa = PBXFileReference; lastKnownFileType = text.xcconfig; path = Base.xcconfig; sourceTree = "<group>"; };
		C20000000000000000000002 /* Development.xcconfig */ = {isa = PBXFileReference; lastKnownFileType = text.xcconfig; path = Development.xcconfig; sourceTree = "<group>"; };
		C20000000000000000000003 /* Staging.xcconfig */ = {isa = PBXFileReference; lastKnownFileType = text.xcconfig; path = Staging.xcconfig; sourceTree = "<group>"; };
		C20000000000000000000004 /* Production.xcconfig */ = {isa = PBXFileReference; lastKnownFileType = text.xcconfig; path = Production.xcconfig; sourceTree = "<group>"; };
		D20000000000000000000001 /* CupaUITests.swift */ = {isa = PBXFileReference; lastKnownFileType = sourcecode.swift; path = CupaUITests.swift; sourceTree = "<group>"; };
		D20000000000000000000002 /* CupaUITests.xctest */ = {isa = PBXFileReference; explicitFileType = wrapper.cfbundle; includeInIndex = 0; path = CupaUITests.xctest; sourceTree = BUILT_PRODUCTS_DIR; };
/* End PBXFileReference section */

/* Begin PBXFrameworksBuildPhase section */
		A30000000000000000000001 /* Frameworks */ = {
			isa = PBXFrameworksBuildPhase;
			buildActionMask = 2147483647;
			files = (
			);
			runOnlyForDeploymentPostprocessing = 0;
		};
		B40000000000000000000001 /* Frameworks */ = {
			isa = PBXFrameworksBuildPhase;
			buildActionMask = 2147483647;
			files = (
				B10000000000000000000002 /* XCTest.framework in Frameworks */,
			);
			runOnlyForDeploymentPostprocessing = 0;
		};
		D40000000000000000000001 /* Frameworks */ = {
			isa = PBXFrameworksBuildPhase;
			buildActionMask = 2147483647;
			files = (
				D10000000000000000000002 /* XCTest.framework in Frameworks */,
			);
			runOnlyForDeploymentPostprocessing = 0;
		};
/* End PBXFrameworksBuildPhase section */

/* Begin PBXGroup section */
		A40000000000000000000001 = {
			isa = PBXGroup;
			children = (
				A40000000000000000000002 /* Cupa */,
				C40000000000000000000001 /* Config */,
				B50000000000000000000001 /* CupaTests */,
				D50000000000000000000001 /* CupaUITests */,
				A40000000000000000000003 /* Products */,
				B50000000000000000000002 /* Frameworks */,
			);
			sourceTree = "<group>";
		};
		A40000000000000000000002 /* Cupa */ = {
			isa = PBXGroup;
			children = (
				A20000000000000000000001 /* CupaApp.swift */,
				A20000000000000000000002 /* Theme.swift */,
				A20000000000000000000003 /* AppShell.swift */,
				A20000000000000000000004 /* FeatureViews.swift */,
				A20000000000000000000006 /* CalculatorModel.swift */,
				A20000000000000000000007 /* PersistenceModels.swift */,
				A20000000000000000000008 /* LabModel.swift */,
				A20000000000000000000009 /* InventoryViews.swift */,
				A2000000000000000000000A /* RecipeTechniqueModels.swift */,
				A2000000000000000000000B /* RecipeTechniqueRepository.swift */,
				A2000000000000000000000C /* RecipeTechniqueViews.swift */,
				A2000000000000000000000D /* PreparationModel.swift */,
				A2000000000000000000000E /* PreparationViews.swift */,
				A2000000000000000000000F /* TastingModels.swift */,
				A20000000000000000000010 /* TastingViews.swift */,
				A20000000000000000000011 /* AccountServices.swift */,
				A20000000000000000000012 /* AccountView.swift */,
				A20000000000000000000013 /* SyncEngine.swift */,
				A20000000000000000000014 /* SuggestionServices.swift */,
				A20000000000000000000015 /* Settings.swift */,
				A20000000000000000000016 /* ProfileModels.swift */,
				A20000000000000000000017 /* HubView.swift */,
				A20000000000000000000018 /* SocialModels.swift */,
				A20000000000000000000019 /* EntitySyncCoordinator.swift */,
				A20000000000000000000020 /* Assets.xcassets */,
				A20000000000000000000021 /* PrivacyInfo.xcprivacy */,
			);
			path = Cupa;
			sourceTree = "<group>";
		};
		A40000000000000000000003 /* Products */ = {
			isa = PBXGroup;
			children = (
				A20000000000000000000005 /* Cupa.app */,
				B20000000000000000000002 /* CupaTests.xctest */,
				D20000000000000000000002 /* CupaUITests.xctest */,
			);
			name = Products;
			sourceTree = "<group>";
		};
		B50000000000000000000001 /* CupaTests */ = {
			isa = PBXGroup;
			children = (
				B20000000000000000000001 /* ParityTests.swift */,
			);
			path = CupaTests;
			sourceTree = "<group>";
		};
		B50000000000000000000002 /* Frameworks */ = {
			isa = PBXGroup;
			children = (
				B20000000000000000000003 /* XCTest.framework */,
			);
			name = Frameworks;
			sourceTree = "<group>";
		};
		D50000000000000000000001 /* CupaUITests */ = {
			isa = PBXGroup;
			children = (
				D20000000000000000000001 /* CupaUITests.swift */,
			);
			path = CupaUITests;
			sourceTree = "<group>";
		};
		C40000000000000000000001 /* Config */ = {
			isa = PBXGroup;
			children = (
				C20000000000000000000001 /* Base.xcconfig */,
				C20000000000000000000002 /* Development.xcconfig */,
				C20000000000000000000003 /* Staging.xcconfig */,
				C20000000000000000000004 /* Production.xcconfig */,
			);
			path = Config;
			sourceTree = "<group>";
		};
/* End PBXGroup section */

/* Begin PBXNativeTarget section */
		A50000000000000000000001 /* Cupa */ = {
			isa = PBXNativeTarget;
			buildConfigurationList = A90000000000000000000002 /* Build configuration list for PBXNativeTarget "Cupa" */;
			buildPhases = (
				A60000000000000000000001 /* Sources */,
				A30000000000000000000001 /* Frameworks */,
				A70000000000000000000001 /* Resources */,
			);
			buildRules = (
			);
			dependencies = (
			);
			name = Cupa;
			productName = Cupa;
			productReference = A20000000000000000000005 /* Cupa.app */;
			productType = "com.apple.product-type.application";
		};
		B60000000000000000000001 /* CupaTests */ = {
			isa = PBXNativeTarget;
			buildConfigurationList = B90000000000000000000001 /* Build configuration list for PBXNativeTarget "CupaTests" */;
			buildPhases = (
				B70000000000000000000001 /* Sources */,
				B40000000000000000000001 /* Frameworks */,
				B70000000000000000000002 /* Resources */,
			);
			buildRules = (
			);
			dependencies = (
				B80000000000000000000001 /* PBXTargetDependency */,
			);
			name = CupaTests;
			productName = CupaTests;
			productReference = B20000000000000000000002 /* CupaTests.xctest */;
			productType = "com.apple.product-type.bundle.unit-test";
		};
		D60000000000000000000001 /* CupaUITests */ = {
			isa = PBXNativeTarget;
			buildConfigurationList = D90000000000000000000001 /* Build configuration list for PBXNativeTarget "CupaUITests" */;
			buildPhases = (
				D70000000000000000000001 /* Sources */,
				D40000000000000000000001 /* Frameworks */,
				D70000000000000000000002 /* Resources */,
			);
			buildRules = (
			);
			dependencies = (
				D80000000000000000000001 /* PBXTargetDependency */,
			);
			name = CupaUITests;
			productName = CupaUITests;
			productReference = D20000000000000000000002 /* CupaUITests.xctest */;
			productType = "com.apple.product-type.bundle.ui-testing";
		};
/* End PBXNativeTarget section */

/* Begin PBXProject section */
		A80000000000000000000001 /* Project object */ = {
			isa = PBXProject;
			attributes = {
				BuildIndependentTargetsInParallel = 1;
				LastSwiftUpdateCheck = 2660;
				LastUpgradeCheck = 2660;
				TargetAttributes = {
					A50000000000000000000001 = {
						CreatedOnToolsVersion = 26.6;
					};
					B60000000000000000000001 = {
						CreatedOnToolsVersion = 26.6;
						TestTargetID = A50000000000000000000001;
					};
					D60000000000000000000001 = {
						CreatedOnToolsVersion = 26.6;
						TestTargetID = A50000000000000000000001;
					};
				};
			};
			buildConfigurationList = A90000000000000000000001 /* Build configuration list for PBXProject "Cupa" */;
			compatibilityVersion = "Xcode 14.0";
			developmentRegion = es;
			hasScannedForEncodings = 0;
			knownRegions = (
				es,
				Base,
			);
			mainGroup = A40000000000000000000001;
			productRefGroup = A40000000000000000000003 /* Products */;
			projectDirPath = "";
			projectRoot = "";
			targets = (
				A50000000000000000000001 /* Cupa */,
				B60000000000000000000001 /* CupaTests */,
				D60000000000000000000001 /* CupaUITests */,
			);
		};
/* End PBXProject section */

/* Begin PBXResourcesBuildPhase section */
		A70000000000000000000001 /* Resources */ = {
			isa = PBXResourcesBuildPhase;
			buildActionMask = 2147483647;
			files = (
				A10000000000000000000020 /* Assets.xcassets in Resources */,
				A10000000000000000000021 /* PrivacyInfo.xcprivacy in Resources */,
			);
			runOnlyForDeploymentPostprocessing = 0;
		};
		B70000000000000000000002 /* Resources */ = {
			isa = PBXResourcesBuildPhase;
			buildActionMask = 2147483647;
			files = (
			);
			runOnlyForDeploymentPostprocessing = 0;
		};
		D70000000000000000000002 /* Resources */ = {
			isa = PBXResourcesBuildPhase;
			buildActionMask = 2147483647;
			files = (
			);
			runOnlyForDeploymentPostprocessing = 0;
		};
/* End PBXResourcesBuildPhase section */

/* Begin PBXSourcesBuildPhase section */
		A60000000000000000000001 /* Sources */ = {
			isa = PBXSourcesBuildPhase;
			buildActionMask = 2147483647;
			files = (
				A10000000000000000000001 /* CupaApp.swift in Sources */,
				A10000000000000000000002 /* Theme.swift in Sources */,
				A10000000000000000000003 /* AppShell.swift in Sources */,
				A10000000000000000000004 /* FeatureViews.swift in Sources */,
				A10000000000000000000006 /* CalculatorModel.swift in Sources */,
				A10000000000000000000007 /* PersistenceModels.swift in Sources */,
				A10000000000000000000008 /* LabModel.swift in Sources */,
				A10000000000000000000009 /* InventoryViews.swift in Sources */,
				A1000000000000000000000A /* RecipeTechniqueModels.swift in Sources */,
				A1000000000000000000000B /* RecipeTechniqueRepository.swift in Sources */,
				A1000000000000000000000C /* RecipeTechniqueViews.swift in Sources */,
				A1000000000000000000000D /* PreparationModel.swift in Sources */,
				A1000000000000000000000E /* PreparationViews.swift in Sources */,
				A1000000000000000000000F /* TastingModels.swift in Sources */,
				A10000000000000000000010 /* TastingViews.swift in Sources */,
				A10000000000000000000011 /* AccountServices.swift in Sources */,
				A10000000000000000000012 /* AccountView.swift in Sources */,
				A10000000000000000000013 /* SyncEngine.swift in Sources */,
				A10000000000000000000014 /* SuggestionServices.swift in Sources */,
				A10000000000000000000015 /* Settings.swift in Sources */,
				A10000000000000000000016 /* ProfileModels.swift in Sources */,
				A10000000000000000000017 /* HubView.swift in Sources */,
				A10000000000000000000018 /* SocialModels.swift in Sources */,
				A10000000000000000000019 /* EntitySyncCoordinator.swift in Sources */,
			);
			runOnlyForDeploymentPostprocessing = 0;
		};
		B70000000000000000000001 /* Sources */ = {
			isa = PBXSourcesBuildPhase;
			buildActionMask = 2147483647;
			files = (
				B10000000000000000000001 /* ParityTests.swift in Sources */,
			);
			runOnlyForDeploymentPostprocessing = 0;
		};
		D70000000000000000000001 /* Sources */ = {
			isa = PBXSourcesBuildPhase;
			buildActionMask = 2147483647;
			files = (
				D10000000000000000000001 /* CupaUITests.swift in Sources */,
			);
			runOnlyForDeploymentPostprocessing = 0;
		};
/* End PBXSourcesBuildPhase section */

/* Begin PBXTargetDependency section */
		B80000000000000000000001 /* PBXTargetDependency */ = {
			isa = PBXTargetDependency;
			target = A50000000000000000000001 /* Cupa */;
			targetProxy = B30000000000000000000001 /* PBXContainerItemProxy */;
		};
		D80000000000000000000001 /* PBXTargetDependency */ = {
			isa = PBXTargetDependency;
			target = A50000000000000000000001 /* Cupa */;
			targetProxy = D30000000000000000000001 /* PBXContainerItemProxy */;
		};
/* End PBXTargetDependency section */

/* Begin XCBuildConfiguration section */
		AA0000000000000000000001 /* Debug */ = {
			isa = XCBuildConfiguration;
			buildSettings = {
				ALWAYS_SEARCH_USER_PATHS = NO;
				CLANG_ENABLE_MODULES = YES;
				CLANG_ENABLE_OBJC_ARC = YES;
				COPY_PHASE_STRIP = NO;
				DEBUG_INFORMATION_FORMAT = dwarf;
				ENABLE_TESTABILITY = YES;
				GCC_C_LANGUAGE_STANDARD = gnu17;
				GCC_OPTIMIZATION_LEVEL = 0;
				MTL_ENABLE_DEBUG_INFO = INCLUDE_SOURCE;
				ONLY_ACTIVE_ARCH = YES;
				SDKROOT = iphoneos;
				SWIFT_ACTIVE_COMPILATION_CONDITIONS = DEBUG;
				SWIFT_OPTIMIZATION_LEVEL = "-Onone";
			};
			name = Debug;
		};
		AA0000000000000000000002 /* Release */ = {
			isa = XCBuildConfiguration;
			buildSettings = {
				ALWAYS_SEARCH_USER_PATHS = NO;
				CLANG_ENABLE_MODULES = YES;
				CLANG_ENABLE_OBJC_ARC = YES;
				COPY_PHASE_STRIP = NO;
				DEBUG_INFORMATION_FORMAT = "dwarf-with-dsym";
				GCC_C_LANGUAGE_STANDARD = gnu17;
				MTL_ENABLE_DEBUG_INFO = NO;
				SDKROOT = iphoneos;
				SWIFT_COMPILATION_MODE = wholemodule;
				VALIDATE_PRODUCT = YES;
			};
			name = Release;
		};
		AA0000000000000000000003 /* Debug */ = {
			isa = XCBuildConfiguration;
			baseConfigurationReference = C20000000000000000000002 /* Development.xcconfig */;
			buildSettings = {
				ASSETCATALOG_COMPILER_APPICON_NAME = AppIcon;
				CODE_SIGN_STYLE = Automatic;
				CURRENT_PROJECT_VERSION = 1;
				DEVELOPMENT_ASSET_PATHS = "";
				DEVELOPMENT_TEAM = 6UD7WV66N5;
				ENABLE_PREVIEWS = YES;
				GENERATE_INFOPLIST_FILE = YES;
				INFOPLIST_KEY_CFBundleDisplayName = Cupa;
				INFOPLIST_KEY_LSApplicationCategoryType = "public.app-category.food-and-drink";
				INFOPLIST_KEY_APP_ENVIRONMENT = "$(APP_ENVIRONMENT)";
				INFOPLIST_KEY_SUPABASE_ANON_KEY = "$(SUPABASE_ANON_KEY)";
				INFOPLIST_KEY_SUPABASE_URL = "$(SUPABASE_URL)";
				INFOPLIST_KEY_PRIVACY_POLICY_URL = "$(PRIVACY_POLICY_URL)";
				INFOPLIST_KEY_SUPPORT_URL = "$(SUPPORT_URL)";
				INFOPLIST_KEY_ITSAppUsesNonExemptEncryption = NO;
				INFOPLIST_KEY_UIApplicationSceneManifest_Generation = YES;
				INFOPLIST_KEY_UIApplicationSupportsIndirectInputEvents = YES;
				INFOPLIST_KEY_UILaunchScreen_Generation = YES;
				IPHONEOS_DEPLOYMENT_TARGET = 17.0;
				MARKETING_VERSION = 1.0;
				PRODUCT_BUNDLE_IDENTIFIER = com.tacotrifasico.cupa;
				PRODUCT_NAME = "$(TARGET_NAME)";
				SUPPORTED_PLATFORMS = "iphoneos iphonesimulator";
				SUPPORTS_MACCATALYST = NO;
				SWIFT_EMIT_LOC_STRINGS = YES;
				SWIFT_VERSION = 5.0;
				TARGETED_DEVICE_FAMILY = 1;
			};
			name = Debug;
		};
		AA0000000000000000000004 /* Release */ = {
			isa = XCBuildConfiguration;
			baseConfigurationReference = C20000000000000000000004 /* Production.xcconfig */;
			buildSettings = {
				ASSETCATALOG_COMPILER_APPICON_NAME = AppIcon;
				CODE_SIGN_STYLE = Automatic;
				CURRENT_PROJECT_VERSION = 1;
				DEVELOPMENT_TEAM = 6UD7WV66N5;
				GENERATE_INFOPLIST_FILE = YES;
				INFOPLIST_KEY_CFBundleDisplayName = Cupa;
				INFOPLIST_KEY_LSApplicationCategoryType = "public.app-category.food-and-drink";
				INFOPLIST_KEY_APP_ENVIRONMENT = "$(APP_ENVIRONMENT)";
				INFOPLIST_KEY_SUPABASE_ANON_KEY = "$(SUPABASE_ANON_KEY)";
				INFOPLIST_KEY_SUPABASE_URL = "$(SUPABASE_URL)";
				INFOPLIST_KEY_PRIVACY_POLICY_URL = "$(PRIVACY_POLICY_URL)";
				INFOPLIST_KEY_SUPPORT_URL = "$(SUPPORT_URL)";
				INFOPLIST_KEY_ITSAppUsesNonExemptEncryption = NO;
				INFOPLIST_KEY_UIApplicationSceneManifest_Generation = YES;
				INFOPLIST_KEY_UIApplicationSupportsIndirectInputEvents = YES;
				INFOPLIST_KEY_UILaunchScreen_Generation = YES;
				IPHONEOS_DEPLOYMENT_TARGET = 17.0;
				MARKETING_VERSION = 1.0;
				PRODUCT_BUNDLE_IDENTIFIER = com.tacotrifasico.cupa;
				PRODUCT_NAME = "$(TARGET_NAME)";
				SUPPORTED_PLATFORMS = "iphoneos iphonesimulator";
				SUPPORTS_MACCATALYST = NO;
				SWIFT_EMIT_LOC_STRINGS = YES;
				SWIFT_VERSION = 5.0;
				TARGETED_DEVICE_FAMILY = 1;
			};
			name = Release;
		};
		BA0000000000000000000001 /* Debug */ = {
			isa = XCBuildConfiguration;
			buildSettings = {
				BUNDLE_LOADER = "$(TEST_HOST)";
				CODE_SIGN_STYLE = Automatic;
				DEVELOPMENT_TEAM = 6UD7WV66N5;
				GENERATE_INFOPLIST_FILE = YES;
				IPHONEOS_DEPLOYMENT_TARGET = 17.0;
				PRODUCT_BUNDLE_IDENTIFIER = com.tacotrifasico.cupa.tests;
				PRODUCT_NAME = "$(TARGET_NAME)";
				SDKROOT = iphoneos;
				SUPPORTED_PLATFORMS = "iphoneos iphonesimulator";
				SWIFT_VERSION = 5.0;
				TARGETED_DEVICE_FAMILY = 1;
				TEST_HOST = "$(BUILT_PRODUCTS_DIR)/Cupa.app/$(BUNDLE_EXECUTABLE_FOLDER_PATH)/Cupa";
			};
			name = Debug;
		};
		BA0000000000000000000002 /* Release */ = {
			isa = XCBuildConfiguration;
			buildSettings = {
				BUNDLE_LOADER = "$(TEST_HOST)";
				CODE_SIGN_STYLE = Automatic;
				DEVELOPMENT_TEAM = 6UD7WV66N5;
				GENERATE_INFOPLIST_FILE = YES;
				IPHONEOS_DEPLOYMENT_TARGET = 17.0;
				PRODUCT_BUNDLE_IDENTIFIER = com.tacotrifasico.cupa.tests;
				PRODUCT_NAME = "$(TARGET_NAME)";
				SDKROOT = iphoneos;
				SUPPORTED_PLATFORMS = "iphoneos iphonesimulator";
				SWIFT_VERSION = 5.0;
				TARGETED_DEVICE_FAMILY = 1;
				TEST_HOST = "$(BUILT_PRODUCTS_DIR)/Cupa.app/$(BUNDLE_EXECUTABLE_FOLDER_PATH)/Cupa";
			};
			name = Release;
		};
		DA0000000000000000000001 /* Debug */ = {
			isa = XCBuildConfiguration;
			buildSettings = {
				CODE_SIGN_STYLE = Automatic;
				DEVELOPMENT_TEAM = 6UD7WV66N5;
				GENERATE_INFOPLIST_FILE = YES;
				IPHONEOS_DEPLOYMENT_TARGET = 17.0;
				PRODUCT_BUNDLE_IDENTIFIER = com.tacotrifasico.cupa.uitests;
				PRODUCT_NAME = "$(TARGET_NAME)";
				SDKROOT = iphoneos;
				SUPPORTED_PLATFORMS = "iphoneos iphonesimulator";
				SWIFT_VERSION = 5.0;
				TARGETED_DEVICE_FAMILY = 1;
				TEST_TARGET_NAME = Cupa;
			};
			name = Debug;
		};
		DA0000000000000000000002 /* Release */ = {
			isa = XCBuildConfiguration;
			buildSettings = {
				CODE_SIGN_STYLE = Automatic;
				DEVELOPMENT_TEAM = 6UD7WV66N5;
				GENERATE_INFOPLIST_FILE = YES;
				IPHONEOS_DEPLOYMENT_TARGET = 17.0;
				PRODUCT_BUNDLE_IDENTIFIER = com.tacotrifasico.cupa.uitests;
				PRODUCT_NAME = "$(TARGET_NAME)";
				SDKROOT = iphoneos;
				SUPPORTED_PLATFORMS = "iphoneos iphonesimulator";
				SWIFT_VERSION = 5.0;
				TARGETED_DEVICE_FAMILY = 1;
				TEST_TARGET_NAME = Cupa;
			};
			name = Release;
		};
/* End XCBuildConfiguration section */

/* Begin XCConfigurationList section */
		A90000000000000000000001 /* Build configuration list for PBXProject "Cupa" */ = {
			isa = XCConfigurationList;
			buildConfigurations = (
				AA0000000000000000000001 /* Debug */,
				AA0000000000000000000002 /* Release */,
			);
			defaultConfigurationIsVisible = 0;
			defaultConfigurationName = Release;
		};
		A90000000000000000000002 /* Build configuration list for PBXNativeTarget "Cupa" */ = {
			isa = XCConfigurationList;
			buildConfigurations = (
				AA0000000000000000000003 /* Debug */,
				AA0000000000000000000004 /* Release */,
			);
			defaultConfigurationIsVisible = 0;
			defaultConfigurationName = Release;
		};
		B90000000000000000000001 /* Build configuration list for PBXNativeTarget "CupaTests" */ = {
			isa = XCConfigurationList;
			buildConfigurations = (
				BA0000000000000000000001 /* Debug */,
				BA0000000000000000000002 /* Release */,
			);
			defaultConfigurationIsVisible = 0;
			defaultConfigurationName = Release;
		};
		D90000000000000000000001 /* Build configuration list for PBXNativeTarget "CupaUITests" */ = {
			isa = XCConfigurationList;
			buildConfigurations = (
				DA0000000000000000000001 /* Debug */,
				DA0000000000000000000002 /* Release */,
			);
			defaultConfigurationIsVisible = 0;
			defaultConfigurationName = Release;
		};
/* End XCConfigurationList section */
	};
	rootObject = A80000000000000000000001 /* Project object */;
}
